
Microsoft Visual Studio Solution File, Format Version 12.00
# Visual Studio Version 17
VisualStudioVersion = 17.13.35825.156
MinimumVisualStudioVersion = 10.0.40219.1
Project("{FAE04EC0-301F-11D3-BF4B-00C04F79EFBC}") = "Labb02_Webbutveckling", "Labb02_Webbutveckling\Labb02_Webbutveckling.csproj", "{AC4A97E0-9A46-45EB-A187-EF91F29F383F}"
EndProject
Global
	GlobalSection(SolutionConfigurationPlatforms) = preSolution
		Debug|Any CPU = Debug|Any CPU
		Release|Any CPU = Release|Any CPU
	EndGlobalSection
	GlobalSection(ProjectConfigurationPlatforms) = postSolution
		{AC4A97E0-9A46-45EB-A187-EF91F29F383F}.Debug|Any CPU.ActiveCfg = Debug|Any CPU
		{AC4A97E0-9A46-45EB-A187-EF91F29F383F}.Debug|Any CPU.Build.0 = Debug|Any CPU
		{AC4A97E0-9A46-45EB-A187-EF91F29F383F}.Release|Any CPU.ActiveCfg = Release|Any CPU
		{AC4A97E0-9A46-45EB-A187-EF91F29F383F}.Release|Any CPU.Build.0 = Release|Any CPU
	EndGlobalSection
	GlobalSection(SolutionProperties) = preSolution
		HideSolutionNode = FALSE
	EndGlobalSection
	GlobalSection(ExtensibilityGlobals) = postSolution
		SolutionGuid = {5A1823BC-BD29-4A4B-9BF4-85A096386A4A}
	EndGlobalSection
EndGlobal
